[[package]]
name = "approx"
version = "0.1.1"
source = "registry+https://github.com/rust-lang/crates.io-index"

[[package]]
name = "bitflags"
version = "1.0.4"
source = "registry+https://github.com/rust-lang/crates.io-index"

[[package]]
name = "cloudabi"
version = "0.0.3"
source = "registry+https://github.com/rust-lang/crates.io-index"
dependencies = [
 "bitflags 1.0.4 (registry+https://github.com/rust-lang/crates.io-index)",
]

[[package]]
name = "fuchsia-zircon"
version = "0.3.3"
source = "registry+https://github.com/rust-lang/crates.io-index"
dependencies = [
 "bitflags 1.0.4 (registry+https://github.com/rust-lang/crates.io-index)",
 "fuchsia-zircon-sys 0.3.3 (registry+https://github.com/rust-lang/crates.io-index)",
]

[[package]]
name = "fuchsia-zircon-sys"
version = "0.3.3"
source = "registry+https://github.com/rust-lang/crates.io-index"

[[package]]
name = "getopts"
version = "0.2.18"
source = "registry+https://github.com/rust-lang/crates.io-index"
dependencies = [
 "unicode-width 0.1.5 (registry+https://github.com/rust-lang/crates.io-index)",
]

[[package]]
name = "itoa"
version = "0.4.2"
source = "registry+https://github.com/rust-lang/crates.io-index"

[[package]]
name = "libc"
version = "0.2.43"
source = "registry+https://github.com/rust-lang/crates.io-index"

[[package]]
name = "memmap"
version = "0.6.2"
source = "registry+https://github.com/rust-lang/crates.io-index"
dependencies = [
 "libc 0.2.43 (registry+https://github.com/rust-lang/crates.io-index)",
 "winapi 0.3.5 (registry+https://github.com/rust-lang/crates.io-index)",
]

[[package]]
name = "natord"
version = "1.0.9"
source = "registry+https://github.com/rust-lang/crates.io-index"

[[package]]
name = "num-traits"
version = "0.2.5"
source = "registry+https://github.com/rust-lang/crates.io-index"

[[package]]
name = "palette"
version = "0.4.1"
source = "registry+https://github.com/rust-lang/crates.io-index"
dependencies = [
 "approx 0.1.1 (registry+https://github.com/rust-lang/crates.io-index)",
 "num-traits 0.2.5 (registry+https://github.com/rust-lang/crates.io-index)",
 "palette_derive 0.4.1 (registry+https://github.com/rust-lang/crates.io-index)",
 "phf 0.7.23 (registry+https://github.com/rust-lang/crates.io-index)",
 "phf_codegen 0.7.23 (registry+https://github.com/rust-lang/crates.io-index)",
]

[[package]]
name = "palette_derive"
version = "0.4.1"
source = "registry+https://github.com/rust-lang/crates.io-index"
dependencies = [
 "proc-macro2 0.4.15 (registry+https://github.com/rust-lang/crates.io-index)",
 "quote 0.6.8 (registry+https://github.com/rust-lang/crates.io-index)",
 "syn 0.14.9 (registry+https://github.com/rust-lang/crates.io-index)",
]

[[package]]
name = "phf"
version = "0.7.23"
source = "registry+https://github.com/rust-lang/crates.io-index"
dependencies = [
 "phf_shared 0.7.23 (registry+https://github.com/rust-lang/crates.io-index)",
]

[[package]]
name = "phf_codegen"
version = "0.7.23"
source = "registry+https://github.com/rust-lang/crates.io-index"
dependencies = [
 "phf_generator 0.7.23 (registry+https://github.com/rust-lang/crates.io-index)",
 "phf_shared 0.7.23 (registry+https://github.com/rust-lang/crates.io-index)",
]

[[package]]
name = "phf_generator"
version = "0.7.23"
source = "registry+https://github.com/rust-lang/crates.io-index"
dependencies = [
 "phf_shared 0.7.23 (registry+https://github.com/rust-lang/crates.io-index)",
 "rand 0.5.5 (registry+https://github.com/rust-lang/crates.io-index)",
]

[[package]]
name = "phf_shared"
version = "0.7.23"
source = "registry+https://github.com/rust-lang/crates.io-index"
dependencies = [
 "siphasher 0.2.3 (registry+https://github.com/rust-lang/crates.io-index)",
]

[[package]]
name = "proc-macro2"
version = "0.4.15"
source = "registry+https://github.com/rust-lang/crates.io-index"
dependencies = [
 "unicode-xid 0.1.0 (registry+https://github.com/rust-lang/crates.io-index)",
]

[[package]]
name = "quote"
version = "0.6.8"
source = "registry+https://github.com/rust-lang/crates.io-index"
dependencies = [
 "proc-macro2 0.4.15 (registry+https://github.com/rust-lang/crates.io-index)",
]

[[package]]
name = "rand"
version = "0.5.5"
source = "registry+https://github.com/rust-lang/crates.io-index"
dependencies = [
 "cloudabi 0.0.3 (registry+https://github.com/rust-lang/crates.io-index)",
 "fuchsia-zircon 0.3.3 (registry+https://github.com/rust-lang/crates.io-index)",
 "libc 0.2.43 (registry+https://github.com/rust-lang/crates.io-index)",
 "rand_core 0.2.1 (registry+https://github.com/rust-lang/crates.io-index)",
 "winapi 0.3.5 (registry+https://github.com/rust-lang/crates.io-index)",
]

[[package]]
name = "rand_core"
version = "0.2.1"
source = "registry+https://github.com/rust-lang/crates.io-index"

[[package]]
name = "ryu"
version = "0.2.6"
source = "registry+https://github.com/rust-lang/crates.io-index"

[[package]]
name = "serde"
version = "1.0.75"
source = "registry+https://github.com/rust-lang/crates.io-index"

[[package]]
name = "serde_derive"
version = "1.0.75"
source = "registry+https://github.com/rust-lang/crates.io-index"
dependencies = [
 "proc-macro2 0.4.15 (registry+https://github.com/rust-lang/crates.io-index)",
 "quote 0.6.8 (registry+https://github.com/rust-lang/crates.io-index)",
 "syn 0.14.9 (registry+https://github.com/rust-lang/crates.io-index)",
]

[[package]]
name = "serde_json"
version = "1.0.26"
source = "registry+https://github.com/rust-lang/crates.io-index"
dependencies = [
 "itoa 0.4.2 (registry+https://github.com/rust-lang/crates.io-index)",
 "ryu 0.2.6 (registry+https://github.com/rust-lang/crates.io-index)",
 "serde 1.0.75 (registry+https://github.com/rust-lang/crates.io-index)",
]

[[package]]
name = "siphasher"
version = "0.2.3"
source = "registry+https://github.com/rust-lang/crates.io-index"

[[package]]
name = "statemap"
version = "0.1.0"
dependencies = [
 "getopts 0.2.18 (registry+https://github.com/rust-lang/crates.io-index)",
 "memmap 0.6.2 (registry+https://github.com/rust-lang/crates.io-index)",
 "natord 1.0.9 (registry+https://github.com/rust-lang/crates.io-index)",
 "palette 0.4.1 (registry+https://github.com/rust-lang/crates.io-index)",
 "rand 0.5.5 (registry+https://github.com/rust-lang/crates.io-index)",
 "serde 1.0.75 (registry+https://github.com/rust-lang/crates.io-index)",
 "serde_derive 1.0.75 (registry+https://github.com/rust-lang/crates.io-index)",
 "serde_json 1.0.26 (registry+https://github.com/rust-lang/crates.io-index)",
]

[[package]]
name = "syn"
version = "0.14.9"
source = "registry+https://github.com/rust-lang/crates.io-index"
dependencies = [
 "proc-macro2 0.4.15 (registry+https://github.com/rust-lang/crates.io-index)",
 "quote 0.6.8 (registry+https://github.com/rust-lang/crates.io-index)",
 "unicode-xid 0.1.0 (registry+https://github.com/rust-lang/crates.io-index)",
]

[[package]]
name = "unicode-width"
version = "0.1.5"
source = "registry+https://github.com/rust-lang/crates.io-index"

[[package]]
name = "unicode-xid"
version = "0.1.0"
source = "registry+https://github.com/rust-lang/crates.io-index"

[[package]]
name = "winapi"
version = "0.3.5"
source = "registry+https://github.com/rust-lang/crates.io-index"
dependencies = [
 "winapi-i686-pc-windows-gnu 0.4.0 (registry+https://github.com/rust-lang/crates.io-index)",
 "winapi-x86_64-pc-windows-gnu 0.4.0 (registry+https://github.com/rust-lang/crates.io-index)",
]

[[package]]
name = "winapi-i686-pc-windows-gnu"
version = "0.4.0"
source = "registry+https://github.com/rust-lang/crates.io-index"

[[package]]
name = "winapi-x86_64-pc-windows-gnu"
version = "0.4.0"
source = "registry+https://github.com/rust-lang/crates.io-index"

[metadata]
"checksum approx 0.1.1 (registry+https://github.com/rust-lang/crates.io-index)" = "08abcc3b4e9339e33a3d0a5ed15d84a687350c05689d825e0f6655eef9e76a94"
"checksum bitflags 1.0.4 (registry+https://github.com/rust-lang/crates.io-index)" = "228047a76f468627ca71776ecdebd732a3423081fcf5125585bcd7c49886ce12"
"checksum cloudabi 0.0.3 (registry+https://github.com/rust-lang/crates.io-index)" = "ddfc5b9aa5d4507acaf872de71051dfd0e309860e88966e1051e462a077aac4f"
"checksum fuchsia-zircon 0.3.3 (registry+https://github.com/rust-lang/crates.io-index)" = "2e9763c69ebaae630ba35f74888db465e49e259ba1bc0eda7d06f4a067615d82"
"checksum fuchsia-zircon-sys 0.3.3 (registry+https://github.com/rust-lang/crates.io-index)" = "3dcaa9ae7725d12cdb85b3ad99a434db70b468c09ded17e012d86b5c1010f7a7"
"checksum getopts 0.2.18 (registry+https://github.com/rust-lang/crates.io-index)" = "0a7292d30132fb5424b354f5dc02512a86e4c516fe544bb7a25e7f266951b797"
"checksum itoa 0.4.2 (registry+https://github.com/rust-lang/crates.io-index)" = "5adb58558dcd1d786b5f0bd15f3226ee23486e24b7b58304b60f64dc68e62606"
"checksum libc 0.2.43 (registry+https://github.com/rust-lang/crates.io-index)" = "76e3a3ef172f1a0b9a9ff0dd1491ae5e6c948b94479a3021819ba7d860c8645d"
"checksum memmap 0.6.2 (registry+https://github.com/rust-lang/crates.io-index)" = "e2ffa2c986de11a9df78620c01eeaaf27d94d3ff02bf81bfcca953102dd0c6ff"
"checksum natord 1.0.9 (registry+https://github.com/rust-lang/crates.io-index)" = "308d96db8debc727c3fd9744aac51751243420e46edf401010908da7f8d5e57c"
"checksum num-traits 0.2.5 (registry+https://github.com/rust-lang/crates.io-index)" = "630de1ef5cc79d0cdd78b7e33b81f083cbfe90de0f4b2b2f07f905867c70e9fe"
"checksum palette 0.4.1 (registry+https://github.com/rust-lang/crates.io-index)" = "6cd2b5f49faa585c1416e35717fc04328a4c353b368c3ad6e8b34e743bd7cae1"
"checksum palette_derive 0.4.1 (registry+https://github.com/rust-lang/crates.io-index)" = "76bc2c163e12167b6b7cf3f76a94c2abf8f87086a2d03efbe07d12b0f792189e"
"checksum phf 0.7.23 (registry+https://github.com/rust-lang/crates.io-index)" = "cec29da322b242f4c3098852c77a0ca261c9c01b806cae85a5572a1eb94db9a6"
"checksum phf_codegen 0.7.23 (registry+https://github.com/rust-lang/crates.io-index)" = "7d187f00cd98d5afbcd8898f6cf181743a449162aeb329dcd2f3849009e605ad"
"checksum phf_generator 0.7.23 (registry+https://github.com/rust-lang/crates.io-index)" = "03dc191feb9b08b0dc1330d6549b795b9d81aec19efe6b4a45aec8d4caee0c4b"
"checksum phf_shared 0.7.23 (registry+https://github.com/rust-lang/crates.io-index)" = "b539898d22d4273ded07f64a05737649dc69095d92cb87c7097ec68e3f150b93"
"checksum proc-macro2 0.4.15 (registry+https://github.com/rust-lang/crates.io-index)" = "295af93acfb1d5be29c16ca5b3f82d863836efd9cb0c14fd83811eb9a110e452"
"checksum quote 0.6.8 (registry+https://github.com/rust-lang/crates.io-index)" = "dd636425967c33af890042c483632d33fa7a18f19ad1d7ea72e8998c6ef8dea5"
"checksum rand 0.5.5 (registry+https://github.com/rust-lang/crates.io-index)" = "e464cd887e869cddcae8792a4ee31d23c7edd516700695608f5b98c67ee0131c"
"checksum rand_core 0.2.1 (registry+https://github.com/rust-lang/crates.io-index)" = "edecf0f94da5551fc9b492093e30b041a891657db7940ee221f9d2f66e82eef2"
"checksum ryu 0.2.6 (registry+https://github.com/rust-lang/crates.io-index)" = "7153dd96dade874ab973e098cb62fcdbb89a03682e46b144fd09550998d4a4a7"
"checksum serde 1.0.75 (registry+https://github.com/rust-lang/crates.io-index)" = "22d340507cea0b7e6632900a176101fea959c7065d93ba555072da90aaaafc87"
"checksum serde_derive 1.0.75 (registry+https://github.com/rust-lang/crates.io-index)" = "234fc8b737737b148ccd625175fc6390f5e4dacfdaa543cb93a3430d984a9119"
"checksum serde_json 1.0.26 (registry+https://github.com/rust-lang/crates.io-index)" = "44dd2cfde475037451fa99b7e5df77aa3cfd1536575fa8e7a538ab36dcde49ae"
"checksum siphasher 0.2.3 (registry+https://github.com/rust-lang/crates.io-index)" = "0b8de496cf83d4ed58b6be86c3a275b8602f6ffe98d3024a869e124147a9a3ac"
"checksum syn 0.14.9 (registry+https://github.com/rust-lang/crates.io-index)" = "261ae9ecaa397c42b960649561949d69311f08eeaea86a65696e6e46517cf741"
"checksum unicode-width 0.1.5 (registry+https://github.com/rust-lang/crates.io-index)" = "882386231c45df4700b275c7ff55b6f3698780a650026380e72dabe76fa46526"
"checksum unicode-xid 0.1.0 (registry+https://github.com/rust-lang/crates.io-index)" = "fc72304796d0818e357ead4e000d19c9c174ab23dc11093ac919054d20a6a7fc"
"checksum winapi 0.3.5 (registry+https://github.com/rust-lang/crates.io-index)" = "773ef9dcc5f24b7d850d0ff101e542ff24c3b090a9768e03ff889fdef41f00fd"
"checksum winapi-i686-pc-windows-gnu 0.4.0 (registry+https://github.com/rust-lang/crates.io-index)" = "ac3b87c63620426dd9b991e5ce0329eff545bccbbb34f3be09ff6fb6ab51b7b6"
"checksum winapi-x86_64-pc-windows-gnu 0.4.0 (registry+https://github.com/rust-lang/crates.io-index)" = "712e227841d057c1ee1cd2fb22fa7e5a5461ae8e48fa2ca79ec42cfc1931183f"
